
Microsoft Visual Studio Solution File, Format Version 12.00
# Visual Studio Version 17
VisualStudioVersion = 17.7.34031.279
MinimumVisualStudioVersion = 10.0.40219.1
Project("{FAE04EC0-301F-11D3-BF4B-00C04F79EFBC}") = "ConsoleApp48", "ConsoleApp48\ConsoleApp48.csproj", "{290E3D17-18C2-4BBE-B1AB-54F2EC8EF8AD}"
EndProject
Global
	GlobalSection(SolutionConfigurationPlatforms) = preSolution
		Debug|Any CPU = Debug|Any CPU
		Release|Any CPU = Release|Any CPU
	EndGlobalSection
	GlobalSection(ProjectConfigurationPlatforms) = postSolution
		{290E3D17-18C2-4BBE-B1AB-54F2EC8EF8AD}.Debug|Any CPU.ActiveCfg = Debug|Any CPU
		{290E3D17-18C2-4BBE-B1AB-54F2EC8EF8AD}.Debug|Any CPU.Build.0 = Debug|Any CPU
		{290E3D17-18C2-4BBE-B1AB-54F2EC8EF8AD}.Release|Any CPU.ActiveCfg = Release|Any CPU
		{290E3D17-18C2-4BBE-B1AB-54F2EC8EF8AD}.Release|Any CPU.Build.0 = Release|Any CPU
	EndGlobalSection
	GlobalSection(SolutionProperties) = preSolution
		HideSolutionNode = FALSE
	EndGlobalSection
	GlobalSection(ExtensibilityGlobals) = postSolution
		SolutionGuid = {78CAC57E-F6B8-4F01-B225-FC4F2B7F650C}
	EndGlobalSection
EndGlobal
